
Microsoft Visual Studio Solution File, Format Version 12.00
# Visual Studio Version 17
VisualStudioVersion = 17.3.32811.315
MinimumVisualStudioVersion = 10.0.40219.1
Project("{8BC9CEB8-8B4A-11D0-8D11-00A0C91BC942}") = "ConsoleApplication3_Task_3", "ConsoleApplication3_Task_3.vcxproj", "{5B5E102D-9DD7-4096-AD49-D8BF2274155B}"
EndProject
Global
	GlobalSection(SolutionConfigurationPlatforms) = preSolution
		Debug|x64 = Debug|x64
		Debug|x86 = Debug|x86
		Release|x64 = Release|x64
		Release|x86 = Release|x86
	EndGlobalSection
	GlobalSection(ProjectConfigurationPlatforms) = postSolution
		{5B5E102D-9DD7-4096-AD49-D8BF2274155B}.Debug|x64.ActiveCfg = Debug|x64
		{5B5E102D-9DD7-4096-AD49-D8BF2274155B}.Debug|x64.Build.0 = Debug|x64
		{5B5E102D-9DD7-4096-AD49-D8BF2274155B}.Debug|x86.ActiveCfg = Debug|Win32
		{5B5E102D-9DD7-4096-AD49-D8BF2274155B}.Debug|x86.Build.0 = Debug|Win32
		{5B5E102D-9DD7-4096-AD49-D8BF2274155B}.Release|x64.ActiveCfg = Release|x64
		{5B5E102D-9DD7-4096-AD49-D8BF2274155B}.Release|x64.Build.0 = Release|x64
		{5B5E102D-9DD7-4096-AD49-D8BF2274155B}.Release|x86.ActiveCfg = Release|Win32
		{5B5E102D-9DD7-4096-AD49-D8BF2274155B}.Release|x86.Build.0 = Release|Win32
	EndGlobalSection
	GlobalSection(SolutionProperties) = preSolution
		HideSolutionNode = FALSE
	EndGlobalSection
	GlobalSection(ExtensibilityGlobals) = postSolution
		SolutionGuid = {934EBCF2-B1F3-4A11-96DE-4D275F52D755}
	EndGlobalSection
EndGlobal
